
Microsoft Visual Studio Solution File, Format Version 11.00
# Visual Studio 2010
Project("{FAE04EC0-301F-11D3-BF4B-00C04F79EFBC}") = "TimeMachine", "Assembly-CSharp.csproj", "{D7E0503C-CB29-C9BB-DB0E-F35DF8D1C8A2}"
EndProject
Project("{FAE04EC0-301F-11D3-BF4B-00C04F79EFBC}") = "TimeMachine", "Assembly-CSharp-Editor.csproj", "{9C9F1BEF-6CDF-E008-1533-28DEAE801811}"
EndProject
Global
	GlobalSection(SolutionConfigurationPlatforms) = preSolution
		Debug|Any CPU = Debug|Any CPU
		Release|Any CPU = Release|Any CPU
	EndGlobalSection
	GlobalSection(ProjectConfigurationPlatforms) = postSolution
		{D7E0503C-CB29-C9BB-DB0E-F35DF8D1C8A2}.Debug|Any CPU.ActiveCfg = Debug|Any CPU
		{D7E0503C-CB29-C9BB-DB0E-F35DF8D1C8A2}.Debug|Any CPU.Build.0 = Debug|Any CPU
		{D7E0503C-CB29-C9BB-DB0E-F35DF8D1C8A2}.Release|Any CPU.ActiveCfg = Release|Any CPU
		{D7E0503C-CB29-C9BB-DB0E-F35DF8D1C8A2}.Release|Any CPU.Build.0 = Release|Any CPU
		{9C9F1BEF-6CDF-E008-1533-28DEAE801811}.Debug|Any CPU.ActiveCfg = Debug|Any CPU
		{9C9F1BEF-6CDF-E008-1533-28DEAE801811}.Debug|Any CPU.Build.0 = Debug|Any CPU
		{9C9F1BEF-6CDF-E008-1533-28DEAE801811}.Release|Any CPU.ActiveCfg = Release|Any CPU
		{9C9F1BEF-6CDF-E008-1533-28DEAE801811}.Release|Any CPU.Build.0 = Release|Any CPU
	EndGlobalSection
	GlobalSection(SolutionProperties) = preSolution
		HideSolutionNode = FALSE
	EndGlobalSection
	GlobalSection(MonoDevelopProperties) = preSolution
		StartupItem = Assembly-CSharp.csproj
	EndGlobalSection
EndGlobal
